// !$*UTF8*$!
{
	archiveVersion = 1;
	classes = {
	};
	objectVersion = 50;
	objects = {

/* Begin PBXBuildFile section */
		CD0E790B22A02DC7004140E6 /* AppDelegate.swift in Sources */ = {isa = PBXBuildFile; fileRef = CD0E790A22A02DC7004140E6 /* AppDelegate.swift */; };
		CD0E790D22A02DC7004140E6 /* RecipeSearchViewController.swift in Sources */ = {isa = PBXBuildFile; fileRef = CD0E790C22A02DC7004140E6 /* RecipeSearchViewController.swift */; };
		CD0E791022A02DC7004140E6 /* Main.storyboard in Resources */ = {isa = PBXBuildFile; fileRef = CD0E790E22A02DC7004140E6 /* Main.storyboard */; };
		CD0E791222A02DC8004140E6 /* Assets.xcassets in Resources */ = {isa = PBXBuildFile; fileRef = CD0E791122A02DC8004140E6 /* Assets.xcassets */; };
		CD0E791522A02DC8004140E6 /* LaunchScreen.storyboard in Resources */ = {isa = PBXBuildFile; fileRef = CD0E791322A02DC8004140E6 /* LaunchScreen.storyboard */; };
		CD0E791E22A02EEA004140E6 /* Aliases.swift in Sources */ = {isa = PBXBuildFile; fileRef = CD0E791D22A02EEA004140E6 /* Aliases.swift */; };
		CD0E792122A02F18004140E6 /* URLRequestCovertible.swift in Sources */ = {isa = PBXBuildFile; fileRef = CD0E792022A02F18004140E6 /* URLRequestCovertible.swift */; };
		CD0E792322A02F28004140E6 /* NetworkError.swift in Sources */ = {isa = PBXBuildFile; fileRef = CD0E792222A02F28004140E6 /* NetworkError.swift */; };
		CD0E792722A02F51004140E6 /* ParameterEncoding.swift in Sources */ = {isa = PBXBuildFile; fileRef = CD0E792622A02F51004140E6 /* ParameterEncoding.swift */; };
		CD0E792922A02F63004140E6 /* JSONParameterEncoder.swift in Sources */ = {isa = PBXBuildFile; fileRef = CD0E792822A02F63004140E6 /* JSONParameterEncoder.swift */; };
		CD0E792B22A02F72004140E6 /* URLParameterEncoder.swift in Sources */ = {isa = PBXBuildFile; fileRef = CD0E792A22A02F72004140E6 /* URLParameterEncoder.swift */; };
		CD0E792E22A02FC4004140E6 /* NetworkRoutable.swift in Sources */ = {isa = PBXBuildFile; fileRef = CD0E792D22A02FC4004140E6 /* NetworkRoutable.swift */; };
		CD0E793022A02FF6004140E6 /* HTTPClient.swift in Sources */ = {isa = PBXBuildFile; fileRef = CD0E792F22A02FF6004140E6 /* HTTPClient.swift */; };
		CD0E793322A03050004140E6 /* FindRecipeResponse.swift in Sources */ = {isa = PBXBuildFile; fileRef = CD0E793222A03050004140E6 /* FindRecipeResponse.swift */; };
		CD0E793522A03067004140E6 /* GetRecipeDetailResponse.swift in Sources */ = {isa = PBXBuildFile; fileRef = CD0E793422A03067004140E6 /* GetRecipeDetailResponse.swift */; };
		CD0E793722A030C0004140E6 /* RecipeSearchModel.swift in Sources */ = {isa = PBXBuildFile; fileRef = CD0E793622A030C0004140E6 /* RecipeSearchModel.swift */; };
		CD0E793922A030C9004140E6 /* RecipeDetailModel.swift in Sources */ = {isa = PBXBuildFile; fileRef = CD0E793822A030C9004140E6 /* RecipeDetailModel.swift */; };
		CD0E793C22A03105004140E6 /* RecipeService.swift in Sources */ = {isa = PBXBuildFile; fileRef = CD0E793B22A03105004140E6 /* RecipeService.swift */; };
		CD0E793E22A03129004140E6 /* RecipeServiceImpl.swift in Sources */ = {isa = PBXBuildFile; fileRef = CD0E793D22A03129004140E6 /* RecipeServiceImpl.swift */; };
		CD0E794022A0313C004140E6 /* RecipeAPIRouter.swift in Sources */ = {isa = PBXBuildFile; fileRef = CD0E793F22A0313C004140E6 /* RecipeAPIRouter.swift */; };
		CD0E794322A03285004140E6 /* ImageDownloadManager.swift in Sources */ = {isa = PBXBuildFile; fileRef = CD0E794222A03285004140E6 /* ImageDownloadManager.swift */; };
		CD0E794622A032C9004140E6 /* Coordinatable.swift in Sources */ = {isa = PBXBuildFile; fileRef = CD0E794522A032C9004140E6 /* Coordinatable.swift */; };
		CD0E794822A032D7004140E6 /* Presentable.swift in Sources */ = {isa = PBXBuildFile; fileRef = CD0E794722A032D7004140E6 /* Presentable.swift */; };
		CD0E794B22A032F4004140E6 /* NavigationRoutable.swift in Sources */ = {isa = PBXBuildFile; fileRef = CD0E794A22A032F4004140E6 /* NavigationRoutable.swift */; };
		CD0E794D22A03300004140E6 /* NavigationRouter.swift in Sources */ = {isa = PBXBuildFile; fileRef = CD0E794C22A03300004140E6 /* NavigationRouter.swift */; };
		CD0E795022A03357004140E6 /* CoordinatorFactoryProtocol.swift in Sources */ = {isa = PBXBuildFile; fileRef = CD0E794F22A03357004140E6 /* CoordinatorFactoryProtocol.swift */; };
		CD0E795222A03382004140E6 /* ModulesFactory.swift in Sources */ = {isa = PBXBuildFile; fileRef = CD0E795122A03382004140E6 /* ModulesFactory.swift */; };
		CD0E795422A033AE004140E6 /* MainModulesFactory.swift in Sources */ = {isa = PBXBuildFile; fileRef = CD0E795322A033AE004140E6 /* MainModulesFactory.swift */; };
		CD0E795622A033D9004140E6 /* CoordinatorFactory.swift in Sources */ = {isa = PBXBuildFile; fileRef = CD0E795522A033D9004140E6 /* CoordinatorFactory.swift */; };
		CD0E795C22A03465004140E6 /* RecipeSearchViewModel.swift in Sources */ = {isa = PBXBuildFile; fileRef = CD0E795B22A03465004140E6 /* RecipeSearchViewModel.swift */; };
		CD0E796022A03496004140E6 /* RecipeSearchCell.swift in Sources */ = {isa = PBXBuildFile; fileRef = CD0E795F22A03496004140E6 /* RecipeSearchCell.swift */; };
		CD0E796222A034B4004140E6 /* RecipeSearchSkeletonCell.swift in Sources */ = {isa = PBXBuildFile; fileRef = CD0E796122A034B4004140E6 /* RecipeSearchSkeletonCell.swift */; };
		CD0E796422A034C8004140E6 /* StoryboardLoadable.swift in Sources */ = {isa = PBXBuildFile; fileRef = CD0E796322A034C8004140E6 /* StoryboardLoadable.swift */; };
		CD0E796622A034DB004140E6 /* UIViewController+Error.swift in Sources */ = {isa = PBXBuildFile; fileRef = CD0E796522A034DB004140E6 /* UIViewController+Error.swift */; };
		CD0E796822A034E8004140E6 /* KeyboardAppearanceProtocol.swift in Sources */ = {isa = PBXBuildFile; fileRef = CD0E796722A034E8004140E6 /* KeyboardAppearanceProtocol.swift */; };
		CD0E796A22A034FE004140E6 /* ReusableCell.swift in Sources */ = {isa = PBXBuildFile; fileRef = CD0E796922A034FE004140E6 /* ReusableCell.swift */; };
		CD0E796C22A0350C004140E6 /* UIScrollView+ScrollPosition.swift in Sources */ = {isa = PBXBuildFile; fileRef = CD0E796B22A0350C004140E6 /* UIScrollView+ScrollPosition.swift */; };
		CD0E797022A0359A004140E6 /* LoadingImageView.swift in Sources */ = {isa = PBXBuildFile; fileRef = CD0E796F22A0359A004140E6 /* LoadingImageView.swift */; };
		CD0E797322A035B8004140E6 /* EmptyView.swift in Sources */ = {isa = PBXBuildFile; fileRef = CD0E797222A035B8004140E6 /* EmptyView.swift */; };
		CD0E797522A035D1004140E6 /* EmptyView.xib in Resources */ = {isa = PBXBuildFile; fileRef = CD0E797422A035D1004140E6 /* EmptyView.xib */; };
		CD0E797822A0360E004140E6 /* GradientView.swift in Sources */ = {isa = PBXBuildFile; fileRef = CD0E797722A0360E004140E6 /* GradientView.swift */; };
		CD0E797A22A03620004140E6 /* GradientTransition.swift in Sources */ = {isa = PBXBuildFile; fileRef = CD0E797922A03620004140E6 /* GradientTransition.swift */; };
		CD0E797C22A03632004140E6 /* CAGradientLayer+Skeleton.swift in Sources */ = {isa = PBXBuildFile; fileRef = CD0E797B22A03632004140E6 /* CAGradientLayer+Skeleton.swift */; };
		CD0E797F22A03717004140E6 /* RecipeDetailViewModel.swift in Sources */ = {isa = PBXBuildFile; fileRef = CD0E797E22A03717004140E6 /* RecipeDetailViewModel.swift */; };
		CD0E798122A03755004140E6 /* RecipeDetailViewController.swift in Sources */ = {isa = PBXBuildFile; fileRef = CD0E798022A03755004140E6 /* RecipeDetailViewController.swift */; };
		CD0E798422A03770004140E6 /* RecipeDetailIngredientCell.swift in Sources */ = {isa = PBXBuildFile; fileRef = CD0E798322A03770004140E6 /* RecipeDetailIngredientCell.swift */; };
		CD0E798622A0377D004140E6 /* RecipeDetailIngredientSkeletonCell.swift in Sources */ = {isa = PBXBuildFile; fileRef = CD0E798522A0377D004140E6 /* RecipeDetailIngredientSkeletonCell.swift */; };
		CD0E798822A0378D004140E6 /* RecipeDetailFooterCell.swift in Sources */ = {isa = PBXBuildFile; fileRef = CD0E798722A0378D004140E6 /* RecipeDetailFooterCell.swift */; };
		CD0E798A22A0379C004140E6 /* RecipeDetailSectionHeader.swift in Sources */ = {isa = PBXBuildFile; fileRef = CD0E798922A0379C004140E6 /* RecipeDetailSectionHeader.swift */; };
		CD0E798C22A037E0004140E6 /* String+HTML.swift in Sources */ = {isa = PBXBuildFile; fileRef = CD0E798B22A037E0004140E6 /* String+HTML.swift */; };
		CD0E798E22A038A2004140E6 /* AppCoordinator.swift in Sources */ = {isa = PBXBuildFile; fileRef = CD0E798D22A038A2004140E6 /* AppCoordinator.swift */; };
		CD0E799022A038FD004140E6 /* MiscModulesFactory.swift in Sources */ = {isa = PBXBuildFile; fileRef = CD0E798F22A038FD004140E6 /* MiscModulesFactory.swift */; };
		CD0E799322A03EB2004140E6 /* SplitRouter.swift in Sources */ = {isa = PBXBuildFile; fileRef = CD0E799222A03EB2004140E6 /* SplitRouter.swift */; };
/* End PBXBuildFile section */

/* Begin PBXFileReference section */
		CD0E790722A02DC7004140E6 /* RecipeSearch.app */ = {isa = PBXFileReference; explicitFileType = wrapper.application; includeInIndex = 0; path = RecipeSearch.app; sourceTree = BUILT_PRODUCTS_DIR; };
		CD0E790A22A02DC7004140E6 /* AppDelegate.swift */ = {isa = PBXFileReference; lastKnownFileType = sourcecode.swift; path = AppDelegate.swift; sourceTree = "<group>"; };
		CD0E790C22A02DC7004140E6 /* RecipeSearchViewController.swift */ = {isa = PBXFileReference; lastKnownFileType = sourcecode.swift; path = RecipeSearchViewController.swift; sourceTree = "<group>"; };
		CD0E790F22A02DC7004140E6 /* Base */ = {isa = PBXFileReference; lastKnownFileType = file.storyboard; name = Base; path = Base.lproj/Main.storyboard; sourceTree = "<group>"; };
		CD0E791122A02DC8004140E6 /* Assets.xcassets */ = {isa = PBXFileReference; lastKnownFileType = folder.assetcatalog; path = Assets.xcassets; sourceTree = "<group>"; };
		CD0E791422A02DC8004140E6 /* Base */ = {isa = PBXFileReference; lastKnownFileType = file.storyboard; name = Base; path = Base.lproj/LaunchScreen.storyboard; sourceTree = "<group>"; };
		CD0E791622A02DC8004140E6 /* Info.plist */ = {isa = PBXFileReference; lastKnownFileType = text.plist.xml; path = Info.plist; sourceTree = "<group>"; };
		CD0E791D22A02EEA004140E6 /* Aliases.swift */ = {isa = PBXFileReference; lastKnownFileType = sourcecode.swift; path = Aliases.swift; sourceTree = "<group>"; };
		CD0E792022A02F18004140E6 /* URLRequestCovertible.swift */ = {isa = PBXFileReference; lastKnownFileType = sourcecode.swift; path = URLRequestCovertible.swift; sourceTree = "<group>"; };
		CD0E792222A02F28004140E6 /* NetworkError.swift */ = {isa = PBXFileReference; lastKnownFileType = sourcecode.swift; path = NetworkError.swift; sourceTree = "<group>"; };
		CD0E792622A02F51004140E6 /* ParameterEncoding.swift */ = {isa = PBXFileReference; lastKnownFileType = sourcecode.swift; path = ParameterEncoding.swift; sourceTree = "<group>"; };
		CD0E792822A02F63004140E6 /* JSONParameterEncoder.swift */ = {isa = PBXFileReference; lastKnownFileType = sourcecode.swift; path = JSONParameterEncoder.swift; sourceTree = "<group>"; };
		CD0E792A22A02F72004140E6 /* URLParameterEncoder.swift */ = {isa = PBXFileReference; lastKnownFileType = sourcecode.swift; path = URLParameterEncoder.swift; sourceTree = "<group>"; };
		CD0E792D22A02FC4004140E6 /* NetworkRoutable.swift */ = {isa = PBXFileReference; lastKnownFileType = sourcecode.swift; path = NetworkRoutable.swift; sourceTree = "<group>"; };
		CD0E792F22A02FF6004140E6 /* HTTPClient.swift */ = {isa = PBXFileReference; lastKnownFileType = sourcecode.swift; path = HTTPClient.swift; sourceTree = "<group>"; };
		CD0E793222A03050004140E6 /* FindRecipeResponse.swift */ = {isa = PBXFileReference; lastKnownFileType = sourcecode.swift; path = FindRecipeResponse.swift; sourceTree = "<group>"; };
		CD0E793422A03067004140E6 /* GetRecipeDetailResponse.swift */ = {isa = PBXFileReference; lastKnownFileType = sourcecode.swift; path = GetRecipeDetailResponse.swift; sourceTree = "<group>"; };
		CD0E793622A030C0004140E6 /* RecipeSearchModel.swift */ = {isa = PBXFileReference; lastKnownFileType = sourcecode.swift; path = RecipeSearchModel.swift; sourceTree = "<group>"; };
		CD0E793822A030C9004140E6 /* RecipeDetailModel.swift */ = {isa = PBXFileReference; lastKnownFileType = sourcecode.swift; path = RecipeDetailModel.swift; sourceTree = "<group>"; };
		CD0E793B22A03105004140E6 /* RecipeService.swift */ = {isa = PBXFileReference; lastKnownFileType = sourcecode.swift; path = RecipeService.swift; sourceTree = "<group>"; };
		CD0E793D22A03129004140E6 /* RecipeServiceImpl.swift */ = {isa = PBXFileReference; lastKnownFileType = sourcecode.swift; path = RecipeServiceImpl.swift; sourceTree = "<group>"; };
		CD0E793F22A0313C004140E6 /* RecipeAPIRouter.swift */ = {isa = PBXFileReference; lastKnownFileType = sourcecode.swift; path = RecipeAPIRouter.swift; sourceTree = "<group>"; };
		CD0E794222A03285004140E6 /* ImageDownloadManager.swift */ = {isa = PBXFileReference; lastKnownFileType = sourcecode.swift; path = ImageDownloadManager.swift; sourceTree = "<group>"; };
		CD0E794522A032C9004140E6 /* Coordinatable.swift */ = {isa = PBXFileReference; lastKnownFileType = sourcecode.swift; path = Coordinatable.swift; sourceTree = "<group>"; };
		CD0E794722A032D7004140E6 /* Presentable.swift */ = {isa = PBXFileReference; lastKnownFileType = sourcecode.swift; path = Presentable.swift; sourceTree = "<group>"; };
		CD0E794A22A032F4004140E6 /* NavigationRoutable.swift */ = {isa = PBXFileReference; lastKnownFileType = sourcecode.swift; path = NavigationRoutable.swift; sourceTree = "<group>"; };
		CD0E794C22A03300004140E6 /* NavigationRouter.swift */ = {isa = PBXFileReference; lastKnownFileType = sourcecode.swift; path = NavigationRouter.swift; sourceTree = "<group>"; };
		CD0E794F22A03357004140E6 /* CoordinatorFactoryProtocol.swift */ = {isa = PBXFileReference; lastKnownFileType = sourcecode.swift; path = CoordinatorFactoryProtocol.swift; sourceTree = "<group>"; };
		CD0E795122A03382004140E6 /* ModulesFactory.swift */ = {isa = PBXFileReference; lastKnownFileType = sourcecode.swift; path = ModulesFactory.swift; sourceTree = "<group>"; };
		CD0E795322A033AE004140E6 /* MainModulesFactory.swift */ = {isa = PBXFileReference; lastKnownFileType = sourcecode.swift; path = MainModulesFactory.swift; sourceTree = "<group>"; };
		CD0E795522A033D9004140E6 /* CoordinatorFactory.swift */ = {isa = PBXFileReference; lastKnownFileType = sourcecode.swift; path = CoordinatorFactory.swift; sourceTree = "<group>"; };
		CD0E795B22A03465004140E6 /* RecipeSearchViewModel.swift */ = {isa = PBXFileReference; lastKnownFileType = sourcecode.swift; path = RecipeSearchViewModel.swift; sourceTree = "<group>"; };
		CD0E795F22A03496004140E6 /* RecipeSearchCell.swift */ = {isa = PBXFileReference; lastKnownFileType = sourcecode.swift; path = RecipeSearchCell.swift; sourceTree = "<group>"; };
		CD0E796122A034B4004140E6 /* RecipeSearchSkeletonCell.swift */ = {isa = PBXFileReference; lastKnownFileType = sourcecode.swift; path = RecipeSearchSkeletonCell.swift; sourceTree = "<group>"; };
		CD0E796322A034C8004140E6 /* StoryboardLoadable.swift */ = {isa = PBXFileReference; lastKnownFileType = sourcecode.swift; path = StoryboardLoadable.swift; sourceTree = "<group>"; };
		CD0E796522A034DB004140E6 /* UIViewController+Error.swift */ = {isa = PBXFileReference; lastKnownFileType = sourcecode.swift; path = "UIViewController+Error.swift"; sourceTree = "<group>"; };
		CD0E796722A034E8004140E6 /* KeyboardAppearanceProtocol.swift */ = {isa = PBXFileReference; lastKnownFileType = sourcecode.swift; path = KeyboardAppearanceProtocol.swift; sourceTree = "<group>"; };
		CD0E796922A034FE004140E6 /* ReusableCell.swift */ = {isa = PBXFileReference; lastKnownFileType = sourcecode.swift; path = ReusableCell.swift; sourceTree = "<group>"; };
		CD0E796B22A0350C004140E6 /* UIScrollView+ScrollPosition.swift */ = {isa = PBXFileReference; lastKnownFileType = sourcecode.swift; path = "UIScrollView+ScrollPosition.swift"; sourceTree = "<group>"; };
		CD0E796F22A0359A004140E6 /* LoadingImageView.swift */ = {isa = PBXFileReference; lastKnownFileType = sourcecode.swift; path = LoadingImageView.swift; sourceTree = "<group>"; };
		CD0E797222A035B8004140E6 /* EmptyView.swift */ = {isa = PBXFileReference; lastKnownFileType = sourcecode.swift; path = EmptyView.swift; sourceTree = "<group>"; };
		CD0E797422A035D1004140E6 /* EmptyView.xib */ = {isa = PBXFileReference; lastKnownFileType = file.xib; path = EmptyView.xib; sourceTree = "<group>"; };
		CD0E797722A0360E004140E6 /* GradientView.swift */ = {isa = PBXFileReference; lastKnownFileType = sourcecode.swift; path = GradientView.swift; sourceTree = "<group>"; };
		CD0E797922A03620004140E6 /* GradientTransition.swift */ = {isa = PBXFileReference; lastKnownFileType = sourcecode.swift; path = GradientTransition.swift; sourceTree = "<group>"; };
		CD0E797B22A03632004140E6 /* CAGradientLayer+Skeleton.swift */ = {isa = PBXFileReference; lastKnownFileType = sourcecode.swift; path = "CAGradientLayer+Skeleton.swift"; sourceTree = "<group>"; };
		CD0E797E22A03717004140E6 /* RecipeDetailViewModel.swift */ = {isa = PBXFileReference; lastKnownFileType = sourcecode.swift; path = RecipeDetailViewModel.swift; sourceTree = "<group>"; };
		CD0E798022A03755004140E6 /* RecipeDetailViewController.swift */ = {isa = PBXFileReference; lastKnownFileType = sourcecode.swift; path = RecipeDetailViewController.swift; sourceTree = "<group>"; };
		CD0E798322A03770004140E6 /* RecipeDetailIngredientCell.swift */ = {isa = PBXFileReference; lastKnownFileType = sourcecode.swift; path = RecipeDetailIngredientCell.swift; sourceTree = "<group>"; };
		CD0E798522A0377D004140E6 /* RecipeDetailIngredientSkeletonCell.swift */ = {isa = PBXFileReference; lastKnownFileType = sourcecode.swift; path = RecipeDetailIngredientSkeletonCell.swift; sourceTree = "<group>"; };
		CD0E798722A0378D004140E6 /* RecipeDetailFooterCell.swift */ = {isa = PBXFileReference; lastKnownFileType = sourcecode.swift; path = RecipeDetailFooterCell.swift; sourceTree = "<group>"; };
		CD0E798922A0379C004140E6 /* RecipeDetailSectionHeader.swift */ = {isa = PBXFileReference; lastKnownFileType = sourcecode.swift; path = RecipeDetailSectionHeader.swift; sourceTree = "<group>"; };
		CD0E798B22A037E0004140E6 /* String+HTML.swift */ = {isa = PBXFileReference; lastKnownFileType = sourcecode.swift; path = "String+HTML.swift"; sourceTree = "<group>"; };
		CD0E798D22A038A2004140E6 /* AppCoordinator.swift */ = {isa = PBXFileReference; lastKnownFileType = sourcecode.swift; path = AppCoordinator.swift; sourceTree = "<group>"; };
		CD0E798F22A038FD004140E6 /* MiscModulesFactory.swift */ = {isa = PBXFileReference; lastKnownFileType = sourcecode.swift; path = MiscModulesFactory.swift; sourceTree = "<group>"; };
		CD0E799222A03EB2004140E6 /* SplitRouter.swift */ = {isa = PBXFileReference; lastKnownFileType = sourcecode.swift; path = SplitRouter.swift; sourceTree = "<group>"; };
/* End PBXFileReference section */

/* Begin PBXFrameworksBuildPhase section */
		CD0E790422A02DC7004140E6 /* Frameworks */ = {
			isa = PBXFrameworksBuildPhase;
			buildActionMask = 2147483647;
			files = (
			);
			runOnlyForDeploymentPostprocessing = 0;
		};
/* End PBXFrameworksBuildPhase section */

/* Begin PBXGroup section */
		CD0E78FE22A02DC7004140E6 = {
			isa = PBXGroup;
			children = (
				CD0E790922A02DC7004140E6 /* RecipeSearch */,
				CD0E790822A02DC7004140E6 /* Products */,
			);
			sourceTree = "<group>";
		};
		CD0E790822A02DC7004140E6 /* Products */ = {
			isa = PBXGroup;
			children = (
				CD0E790722A02DC7004140E6 /* RecipeSearch.app */,
			);
			name = Products;
			sourceTree = "<group>";
		};
		CD0E790922A02DC7004140E6 /* RecipeSearch */ = {
			isa = PBXGroup;
			children = (
				CD0E790A22A02DC7004140E6 /* AppDelegate.swift */,
				CD0E791C22A02EDD004140E6 /* Helpers */,
				CD0E793122A03022004140E6 /* Model */,
				CD0E791F22A02F0D004140E6 /* Network */,
				CD0E794422A032BE004140E6 /* Navigation */,
				CD0E796D22A03589004140E6 /* UI Components */,
				CD0E795922A03439004140E6 /* Scene */,
				CD0E799122A03E4F004140E6 /* Resources */,
			);
			path = RecipeSearch;
			sourceTree = "<group>";
		};
		CD0E791C22A02EDD004140E6 /* Helpers */ = {
			isa = PBXGroup;
			children = (
				CD0E791D22A02EEA004140E6 /* Aliases.swift */,
				CD0E796322A034C8004140E6 /* StoryboardLoadable.swift */,
				CD0E796522A034DB004140E6 /* UIViewController+Error.swift */,
				CD0E796722A034E8004140E6 /* KeyboardAppearanceProtocol.swift */,
				CD0E796922A034FE004140E6 /* ReusableCell.swift */,
				CD0E796B22A0350C004140E6 /* UIScrollView+ScrollPosition.swift */,
				CD0E798B22A037E0004140E6 /* String+HTML.swift */,
			);
			path = Helpers;
			sourceTree = "<group>";
		};
		CD0E791F22A02F0D004140E6 /* Network */ = {
			isa = PBXGroup;
			children = (
				CD0E792F22A02FF6004140E6 /* HTTPClient.swift */,
				CD0E794222A03285004140E6 /* ImageDownloadManager.swift */,
				CD0E793A22A030EF004140E6 /* RecipeService */,
				CD0E792C22A02FBE004140E6 /* Router */,
				CD0E792522A02F46004140E6 /* Encoding */,
				CD0E792422A02F35004140E6 /* Helpers */,
			);
			path = Network;
			sourceTree = "<group>";
		};
		CD0E792422A02F35004140E6 /* Helpers */ = {
			isa = PBXGroup;
			children = (
				CD0E792022A02F18004140E6 /* URLRequestCovertible.swift */,
				CD0E792222A02F28004140E6 /* NetworkError.swift */,
			);
			path = Helpers;
			sourceTree = "<group>";
		};
		CD0E792522A02F46004140E6 /* Encoding */ = {
			isa = PBXGroup;
			children = (
				CD0E792622A02F51004140E6 /* ParameterEncoding.swift */,
				CD0E792822A02F63004140E6 /* JSONParameterEncoder.swift */,
				CD0E792A22A02F72004140E6 /* URLParameterEncoder.swift */,
			);
			path = Encoding;
			sourceTree = "<group>";
		};
		CD0E792C22A02FBE004140E6 /* Router */ = {
			isa = PBXGroup;
			children = (
				CD0E792D22A02FC4004140E6 /* NetworkRoutable.swift */,
				CD0E793F22A0313C004140E6 /* RecipeAPIRouter.swift */,
			);
			path = Router;
			sourceTree = "<group>";
		};
		CD0E793122A03022004140E6 /* Model */ = {
			isa = PBXGroup;
			children = (
				CD0E794122A03254004140E6 /* Dto */,
				CD0E793622A030C0004140E6 /* RecipeSearchModel.swift */,
				CD0E793822A030C9004140E6 /* RecipeDetailModel.swift */,
			);
			path = Model;
			sourceTree = "<group>";
		};
		CD0E793A22A030EF004140E6 /* RecipeService */ = {
			isa = PBXGroup;
			children = (
				CD0E793B22A03105004140E6 /* RecipeService.swift */,
				CD0E793D22A03129004140E6 /* RecipeServiceImpl.swift */,
			);
			path = RecipeService;
			sourceTree = "<group>";
		};
		CD0E794122A03254004140E6 /* Dto */ = {
			isa = PBXGroup;
			children = (
				CD0E793222A03050004140E6 /* FindRecipeResponse.swift */,
				CD0E793422A03067004140E6 /* GetRecipeDetailResponse.swift */,
			);
			path = Dto;
			sourceTree = "<group>";
		};
		CD0E794422A032BE004140E6 /* Navigation */ = {
			isa = PBXGroup;
			children = (
				CD0E794522A032C9004140E6 /* Coordinatable.swift */,
				CD0E794722A032D7004140E6 /* Presentable.swift */,
				CD0E794922A032E7004140E6 /* Router */,
				CD0E794E22A0334E004140E6 /* Factory */,
			);
			path = Navigation;
			sourceTree = "<group>";
		};
		CD0E794922A032E7004140E6 /* Router */ = {
			isa = PBXGroup;
			children = (
				CD0E794A22A032F4004140E6 /* NavigationRoutable.swift */,
				CD0E794C22A03300004140E6 /* NavigationRouter.swift */,
				CD0E799222A03EB2004140E6 /* SplitRouter.swift */,
			);
			path = Router;
			sourceTree = "<group>";
		};
		CD0E794E22A0334E004140E6 /* Factory */ = {
			isa = PBXGroup;
			children = (
				CD0E795722A03407004140E6 /* Coordinator */,
				CD0E795822A0340D004140E6 /* Modules */,
			);
			path = Factory;
			sourceTree = "<group>";
		};
		CD0E795722A03407004140E6 /* Coordinator */ = {
			isa = PBXGroup;
			children = (
				CD0E794F22A03357004140E6 /* CoordinatorFactoryProtocol.swift */,
				CD0E795522A033D9004140E6 /* CoordinatorFactory.swift */,
			);
			path = Coordinator;
			sourceTree = "<group>";
		};
		CD0E795822A0340D004140E6 /* Modules */ = {
			isa = PBXGroup;
			children = (
				CD0E795322A033AE004140E6 /* MainModulesFactory.swift */,
				CD0E798F22A038FD004140E6 /* MiscModulesFactory.swift */,
				CD0E795122A03382004140E6 /* ModulesFactory.swift */,
			);
			path = Modules;
			sourceTree = "<group>";
		};
		CD0E795922A03439004140E6 /* Scene */ = {
			isa = PBXGroup;
			children = (
				CD0E798D22A038A2004140E6 /* AppCoordinator.swift */,
				CD0E790E22A02DC7004140E6 /* Main.storyboard */,
				CD0E795A22A03451004140E6 /* Search */,
				CD0E797D22A03708004140E6 /* Detail */,
			);
			path = Scene;
			sourceTree = "<group>";
		};
		CD0E795A22A03451004140E6 /* Search */ = {
			isa = PBXGroup;
			children = (
				CD0E790C22A02DC7004140E6 /* RecipeSearchViewController.swift */,
				CD0E795B22A03465004140E6 /* RecipeSearchViewModel.swift */,
				CD0E795D22A03486004140E6 /* Cell */,
			);
			path = Search;
			sourceTree = "<group>";
		};
		CD0E795D22A03486004140E6 /* Cell */ = {
			isa = PBXGroup;
			children = (
				CD0E795F22A03496004140E6 /* RecipeSearchCell.swift */,
				CD0E796122A034B4004140E6 /* RecipeSearchSkeletonCell.swift */,
			);
			path = Cell;
			sourceTree = "<group>";
		};
		CD0E796D22A03589004140E6 /* UI Components */ = {
			isa = PBXGroup;
			children = (
				CD0E796E22A03596004140E6 /* LoadingImageView */,
				CD0E797122A035B0004140E6 /* EmptyView */,
				CD0E797622A03601004140E6 /* Skeleton */,
			);
			path = "UI Components";
			sourceTree = "<group>";
		};
		CD0E796E22A03596004140E6 /* LoadingImageView */ = {
			isa = PBXGroup;
			children = (
				CD0E796F22A0359A004140E6 /* LoadingImageView.swift */,
			);
			path = LoadingImageView;
			sourceTree = "<group>";
		};
		CD0E797122A035B0004140E6 /* EmptyView */ = {
			isa = PBXGroup;
			children = (
				CD0E797222A035B8004140E6 /* EmptyView.swift */,
				CD0E797422A035D1004140E6 /* EmptyView.xib */,
			);
			path = EmptyView;
			sourceTree = "<group>";
		};
		CD0E797622A03601004140E6 /* Skeleton */ = {
			isa = PBXGroup;
			children = (
				CD0E797722A0360E004140E6 /* GradientView.swift */,
				CD0E797922A03620004140E6 /* GradientTransition.swift */,
				CD0E797B22A03632004140E6 /* CAGradientLayer+Skeleton.swift */,
			);
			path = Skeleton;
			sourceTree = "<group>";
		};
		CD0E797D22A03708004140E6 /* Detail */ = {
			isa = PBXGroup;
			children = (
				CD0E797E22A03717004140E6 /* RecipeDetailViewModel.swift */,
				CD0E798022A03755004140E6 /* RecipeDetailViewController.swift */,
				CD0E798222A0376A004140E6 /* View */,
			);
			path = Detail;
			sourceTree = "<group>";
		};
		CD0E798222A0376A004140E6 /* View */ = {
			isa = PBXGroup;
			children = (
				CD0E798322A03770004140E6 /* RecipeDetailIngredientCell.swift */,
				CD0E798522A0377D004140E6 /* RecipeDetailIngredientSkeletonCell.swift */,
				CD0E798722A0378D004140E6 /* RecipeDetailFooterCell.swift */,
				CD0E798922A0379C004140E6 /* RecipeDetailSectionHeader.swift */,
			);
			path = View;
			sourceTree = "<group>";
		};
		CD0E799122A03E4F004140E6 /* Resources */ = {
			isa = PBXGroup;
			children = (
				CD0E791122A02DC8004140E6 /* Assets.xcassets */,
				CD0E791322A02DC8004140E6 /* LaunchScreen.storyboard */,
				CD0E791622A02DC8004140E6 /* Info.plist */,
			);
			path = Resources;
			sourceTree = "<group>";
		};
/* End PBXGroup section */

/* Begin PBXNativeTarget section */
		CD0E790622A02DC7004140E6 /* RecipeSearch */ = {
			isa = PBXNativeTarget;
			buildConfigurationList = CD0E791922A02DC8004140E6 /* Build configuration list for PBXNativeTarget "RecipeSearch" */;
			buildPhases = (
				CD0E790322A02DC7004140E6 /* Sources */,
				CD0E790422A02DC7004140E6 /* Frameworks */,
				CD0E790522A02DC7004140E6 /* Resources */,
			);
			buildRules = (
			);
			dependencies = (
			);
			name = RecipeSearch;
			productName = RecipeSearch;
			productReference = CD0E790722A02DC7004140E6 /* RecipeSearch.app */;
			productType = "com.apple.product-type.application";
		};
/* End PBXNativeTarget section */

/* Begin PBXProject section */
		CD0E78FF22A02DC7004140E6 /* Project object */ = {
			isa = PBXProject;
			attributes = {
				LastSwiftUpdateCheck = 1020;
				LastUpgradeCheck = 1020;
				ORGANIZATIONNAME = "Mark Vasiv";
				TargetAttributes = {
					CD0E790622A02DC7004140E6 = {
						CreatedOnToolsVersion = 10.2.1;
					};
				};
			};
			buildConfigurationList = CD0E790222A02DC7004140E6 /* Build configuration list for PBXProject "RecipeSearch" */;
			compatibilityVersion = "Xcode 9.3";
			developmentRegion = en;
			hasScannedForEncodings = 0;
			knownRegions = (
				en,
				Base,
			);
			mainGroup = CD0E78FE22A02DC7004140E6;
			productRefGroup = CD0E790822A02DC7004140E6 /* Products */;
			projectDirPath = "";
			projectRoot = "";
			targets = (
				CD0E790622A02DC7004140E6 /* RecipeSearch */,
			);
		};
/* End PBXProject section */

/* Begin PBXResourcesBuildPhase section */
		CD0E790522A02DC7004140E6 /* Resources */ = {
			isa = PBXResourcesBuildPhase;
			buildActionMask = 2147483647;
			files = (
				CD0E797522A035D1004140E6 /* EmptyView.xib in Resources */,
				CD0E791522A02DC8004140E6 /* LaunchScreen.storyboard in Resources */,
				CD0E791222A02DC8004140E6 /* Assets.xcassets in Resources */,
				CD0E791022A02DC7004140E6 /* Main.storyboard in Resources */,
			);
			runOnlyForDeploymentPostprocessing = 0;
		};
/* End PBXResourcesBuildPhase section */

/* Begin PBXSourcesBuildPhase section */
		CD0E790322A02DC7004140E6 /* Sources */ = {
			isa = PBXSourcesBuildPhase;
			buildActionMask = 2147483647;
			files = (
				CD0E797A22A03620004140E6 /* GradientTransition.swift in Sources */,
				CD0E792E22A02FC4004140E6 /* NetworkRoutable.swift in Sources */,
				CD0E793722A030C0004140E6 /* RecipeSearchModel.swift in Sources */,
				CD0E793322A03050004140E6 /* FindRecipeResponse.swift in Sources */,
				CD0E798422A03770004140E6 /* RecipeDetailIngredientCell.swift in Sources */,
				CD0E797C22A03632004140E6 /* CAGradientLayer+Skeleton.swift in Sources */,
				CD0E795C22A03465004140E6 /* RecipeSearchViewModel.swift in Sources */,
				CD0E793522A03067004140E6 /* GetRecipeDetailResponse.swift in Sources */,
				CD0E797022A0359A004140E6 /* LoadingImageView.swift in Sources */,
				CD0E795222A03382004140E6 /* ModulesFactory.swift in Sources */,
				CD0E792B22A02F72004140E6 /* URLParameterEncoder.swift in Sources */,
				CD0E799322A03EB2004140E6 /* SplitRouter.swift in Sources */,
				CD0E795022A03357004140E6 /* CoordinatorFactoryProtocol.swift in Sources */,
				CD0E792722A02F51004140E6 /* ParameterEncoding.swift in Sources */,
				CD0E798822A0378D004140E6 /* RecipeDetailFooterCell.swift in Sources */,
				CD0E798622A0377D004140E6 /* RecipeDetailIngredientSkeletonCell.swift in Sources */,
				CD0E796222A034B4004140E6 /* RecipeSearchSkeletonCell.swift in Sources */,
				CD0E798E22A038A2004140E6 /* AppCoordinator.swift in Sources */,
				CD0E797F22A03717004140E6 /* RecipeDetailViewModel.swift in Sources */,
				CD0E792122A02F18004140E6 /* URLRequestCovertible.swift in Sources */,
				CD0E794622A032C9004140E6 /* Coordinatable.swift in Sources */,
				CD0E796022A03496004140E6 /* RecipeSearchCell.swift in Sources */,
				CD0E794B22A032F4004140E6 /* NavigationRoutable.swift in Sources */,
				CD0E798C22A037E0004140E6 /* String+HTML.swift in Sources */,
				CD0E797822A0360E004140E6 /* GradientView.swift in Sources */,
				CD0E793C22A03105004140E6 /* RecipeService.swift in Sources */,
				CD0E790D22A02DC7004140E6 /* RecipeSearchViewController.swift in Sources */,
				CD0E798A22A0379C004140E6 /* RecipeDetailSectionHeader.swift in Sources */,
				CD0E796422A034C8004140E6 /* StoryboardLoadable.swift in Sources */,
				CD0E793922A030C9004140E6 /* RecipeDetailModel.swift in Sources */,
				CD0E796622A034DB004140E6 /* UIViewController+Error.swift in Sources */,
				CD0E798122A03755004140E6 /* RecipeDetailViewController.swift in Sources */,
				CD0E790B22A02DC7004140E6 /* AppDelegate.swift in Sources */,
				CD0E799022A038FD004140E6 /* MiscModulesFactory.swift in Sources */,
				CD0E793022A02FF6004140E6 /* HTTPClient.swift in Sources */,
				CD0E794822A032D7004140E6 /* Presentable.swift in Sources */,
				CD0E795422A033AE004140E6 /* MainModulesFactory.swift in Sources */,
				CD0E791E22A02EEA004140E6 /* Aliases.swift in Sources */,
				CD0E794D22A03300004140E6 /* NavigationRouter.swift in Sources */,
				CD0E794022A0313C004140E6 /* RecipeAPIRouter.swift in Sources */,
				CD0E796A22A034FE004140E6 /* ReusableCell.swift in Sources */,
				CD0E797322A035B8004140E6 /* EmptyView.swift in Sources */,
				CD0E796C22A0350C004140E6 /* UIScrollView+ScrollPosition.swift in Sources */,
				CD0E793E22A03129004140E6 /* RecipeServiceImpl.swift in Sources */,
				CD0E794322A03285004140E6 /* ImageDownloadManager.swift in Sources */,
				CD0E796822A034E8004140E6 /* KeyboardAppearanceProtocol.swift in Sources */,
				CD0E792922A02F63004140E6 /* JSONParameterEncoder.swift in Sources */,
				CD0E792322A02F28004140E6 /* NetworkError.swift in Sources */,
				CD0E795622A033D9004140E6 /* CoordinatorFactory.swift in Sources */,
			);
			runOnlyForDeploymentPostprocessing = 0;
		};
/* End PBXSourcesBuildPhase section */

/* Begin PBXVariantGroup section */
		CD0E790E22A02DC7004140E6 /* Main.storyboard */ = {
			isa = PBXVariantGroup;
			children = (
				CD0E790F22A02DC7004140E6 /* Base */,
			);
			name = Main.storyboard;
			sourceTree = "<group>";
		};
		CD0E791322A02DC8004140E6 /* LaunchScreen.storyboard */ = {
			isa = PBXVariantGroup;
			children = (
				CD0E791422A02DC8004140E6 /* Base */,
			);
			name = LaunchScreen.storyboard;
			sourceTree = "<group>";
		};
/* End PBXVariantGroup section */

/* Begin XCBuildConfiguration section */
		CD0E791722A02DC8004140E6 /* Debug */ = {
			isa = XCBuildConfiguration;
			buildSettings = {
				ALWAYS_SEARCH_USER_PATHS = NO;
				CLANG_ANALYZER_NONNULL = YES;
				CLANG_ANALYZER_NUMBER_OBJECT_CONVERSION = YES_AGGRESSIVE;
				CLANG_CXX_LANGUAGE_STANDARD = "gnu++14";
				CLANG_CXX_LIBRARY = "libc++";
				CLANG_ENABLE_MODULES = YES;
				CLANG_ENABLE_OBJC_ARC = YES;
				CLANG_ENABLE_OBJC_WEAK = YES;
				CLANG_WARN_BLOCK_CAPTURE_AUTORELEASING = YES;
				CLANG_WARN_BOOL_CONVERSION = YES;
				CLANG_WARN_COMMA = YES;
				CLANG_WARN_CONSTANT_CONVERSION = YES;
				CLANG_WARN_DEPRECATED_OBJC_IMPLEMENTATIONS = YES;
				CLANG_WARN_DIRECT_OBJC_ISA_USAGE = YES_ERROR;
				CLANG_WARN_DOCUMENTATION_COMMENTS = YES;
				CLANG_WARN_EMPTY_BODY = YES;
				CLANG_WARN_ENUM_CONVERSION = YES;
				CLANG_WARN_INFINITE_RECURSION = YES;
				CLANG_WARN_INT_CONVERSION = YES;
				CLANG_WARN_NON_LITERAL_NULL_CONVERSION = YES;
				CLANG_WARN_OBJC_IMPLICIT_RETAIN_SELF = YES;
				CLANG_WARN_OBJC_LITERAL_CONVERSION = YES;
				CLANG_WARN_OBJC_ROOT_CLASS = YES_ERROR;
				CLANG_WARN_RANGE_LOOP_ANALYSIS = YES;
				CLANG_WARN_STRICT_PROTOTYPES = YES;
				CLANG_WARN_SUSPICIOUS_MOVE = YES;
				CLANG_WARN_UNGUARDED_AVAILABILITY = YES_AGGRESSIVE;
				CLANG_WARN_UNREACHABLE_CODE = YES;
				CLANG_WARN__DUPLICATE_METHOD_MATCH = YES;
				CODE_SIGN_IDENTITY = "iPhone Developer";
				COPY_PHASE_STRIP = NO;
				DEBUG_INFORMATION_FORMAT = dwarf;
				ENABLE_STRICT_OBJC_MSGSEND = YES;
				ENABLE_TESTABILITY = YES;
				GCC_C_LANGUAGE_STANDARD = gnu11;
				GCC_DYNAMIC_NO_PIC = NO;
				GCC_NO_COMMON_BLOCKS = YES;
				GCC_OPTIMIZATION_LEVEL = 0;
				GCC_PREPROCESSOR_DEFINITIONS = (
					"DEBUG=1",
					"$(inherited)",
				);
				GCC_WARN_64_TO_32_BIT_CONVERSION = YES;
				GCC_WARN_ABOUT_RETURN_TYPE = YES_ERROR;
				GCC_WARN_UNDECLARED_SELECTOR = YES;
				GCC_WARN_UNINITIALIZED_AUTOS = YES_AGGRESSIVE;
				GCC_WARN_UNUSED_FUNCTION = YES;
				GCC_WARN_UNUSED_VARIABLE = YES;
				IPHONEOS_DEPLOYMENT_TARGET = 11.0;
				MTL_ENABLE_DEBUG_INFO = INCLUDE_SOURCE;
				MTL_FAST_MATH = YES;
				ONLY_ACTIVE_ARCH = YES;
				SDKROOT = iphoneos;
				SWIFT_ACTIVE_COMPILATION_CONDITIONS = DEBUG;
				SWIFT_OPTIMIZATION_LEVEL = "-Onone";
			};
			name = Debug;
		};
		CD0E791822A02DC8004140E6 /* Release */ = {
			isa = XCBuildConfiguration;
			buildSettings = {
				ALWAYS_SEARCH_USER_PATHS = NO;
				CLANG_ANALYZER_NONNULL = YES;
				CLANG_ANALYZER_NUMBER_OBJECT_CONVERSION = YES_AGGRESSIVE;
				CLANG_CXX_LANGUAGE_STANDARD = "gnu++14";
				CLANG_CXX_LIBRARY = "libc++";
				CLANG_ENABLE_MODULES = YES;
				CLANG_ENABLE_OBJC_ARC = YES;
				CLANG_ENABLE_OBJC_WEAK = YES;
				CLANG_WARN_BLOCK_CAPTURE_AUTORELEASING = YES;
				CLANG_WARN_BOOL_CONVERSION = YES;
				CLANG_WARN_COMMA = YES;
				CLANG_WARN_CONSTANT_CONVERSION = YES;
				CLANG_WARN_DEPRECATED_OBJC_IMPLEMENTATIONS = YES;
				CLANG_WARN_DIRECT_OBJC_ISA_USAGE = YES_ERROR;
				CLANG_WARN_DOCUMENTATION_COMMENTS = YES;
				CLANG_WARN_EMPTY_BODY = YES;
				CLANG_WARN_ENUM_CONVERSION = YES;
				CLANG_WARN_INFINITE_RECURSION = YES;
				CLANG_WARN_INT_CONVERSION = YES;
				CLANG_WARN_NON_LITERAL_NULL_CONVERSION = YES;
				CLANG_WARN_OBJC_IMPLICIT_RETAIN_SELF = YES;
				CLANG_WARN_OBJC_LITERAL_CONVERSION = YES;
				CLANG_WARN_OBJC_ROOT_CLASS = YES_ERROR;
				CLANG_WARN_RANGE_LOOP_ANALYSIS = YES;
				CLANG_WARN_STRICT_PROTOTYPES = YES;
				CLANG_WARN_SUSPICIOUS_MOVE = YES;
				CLANG_WARN_UNGUARDED_AVAILABILITY = YES_AGGRESSIVE;
				CLANG_WARN_UNREACHABLE_CODE = YES;
				CLANG_WARN__DUPLICATE_METHOD_MATCH = YES;
				CODE_SIGN_IDENTITY = "iPhone Developer";
				COPY_PHASE_STRIP = NO;
				DEBUG_INFORMATION_FORMAT = "dwarf-with-dsym";
				ENABLE_NS_ASSERTIONS = NO;
				ENABLE_STRICT_OBJC_MSGSEND = YES;
				GCC_C_LANGUAGE_STANDARD = gnu11;
				GCC_NO_COMMON_BLOCKS = YES;
				GCC_WARN_64_TO_32_BIT_CONVERSION = YES;
				GCC_WARN_ABOUT_RETURN_TYPE = YES_ERROR;
				GCC_WARN_UNDECLARED_SELECTOR = YES;
				GCC_WARN_UNINITIALIZED_AUTOS = YES_AGGRESSIVE;
				GCC_WARN_UNUSED_FUNCTION = YES;
				GCC_WARN_UNUSED_VARIABLE = YES;
				IPHONEOS_DEPLOYMENT_TARGET = 11.0;
				MTL_ENABLE_DEBUG_INFO = NO;
				MTL_FAST_MATH = YES;
				SDKROOT = iphoneos;
				SWIFT_COMPILATION_MODE = wholemodule;
				SWIFT_OPTIMIZATION_LEVEL = "-O";
				VALIDATE_PRODUCT = YES;
			};
			name = Release;
		};
		CD0E791A22A02DC8004140E6 /* Debug */ = {
			isa = XCBuildConfiguration;
			buildSettings = {
				ASSETCATALOG_COMPILER_APPICON_NAME = AppIcon;
				CODE_SIGN_STYLE = Automatic;
				DEVELOPMENT_TEAM = FS86HTCRQ5;
				INFOPLIST_FILE = RecipeSearch/Resources/Info.plist;
				LD_RUNPATH_SEARCH_PATHS = (
					"$(inherited)",
					"@executable_path/Frameworks",
				);
				PRODUCT_BUNDLE_IDENTIFIER = markvasiv.RecipeSearch;
				PRODUCT_NAME = "$(TARGET_NAME)";
				SWIFT_VERSION = 5.0;
				TARGETED_DEVICE_FAMILY = "1,2";
			};
			name = Debug;
		};
		CD0E791B22A02DC8004140E6 /* Release */ = {
			isa = XCBuildConfiguration;
			buildSettings = {
				ASSETCATALOG_COMPILER_APPICON_NAME = AppIcon;
				CODE_SIGN_STYLE = Automatic;
				DEVELOPMENT_TEAM = FS86HTCRQ5;
				INFOPLIST_FILE = RecipeSearch/Resources/Info.plist;
				LD_RUNPATH_SEARCH_PATHS = (
					"$(inherited)",
					"@executable_path/Frameworks",
				);
				PRODUCT_BUNDLE_IDENTIFIER = markvasiv.RecipeSearch;
				PRODUCT_NAME = "$(TARGET_NAME)";
				SWIFT_VERSION = 5.0;
				TARGETED_DEVICE_FAMILY = "1,2";
			};
			name = Release;
		};
/* End XCBuildConfiguration section */

/* Begin XCConfigurationList section */
		CD0E790222A02DC7004140E6 /* Build configuration list for PBXProject "RecipeSearch" */ = {
			isa = XCConfigurationList;
			buildConfigurations = (
				CD0E791722A02DC8004140E6 /* Debug */,
				CD0E791822A02DC8004140E6 /* Release */,
			);
			defaultConfigurationIsVisible = 0;
			defaultConfigurationName = Release;
		};
		CD0E791922A02DC8004140E6 /* Build configuration list for PBXNativeTarget "RecipeSearch" */ = {
			isa = XCConfigurationList;
			buildConfigurations = (
				CD0E791A22A02DC8004140E6 /* Debug */,
				CD0E791B22A02DC8004140E6 /* Release */,
			);
			defaultConfigurationIsVisible = 0;
			defaultConfigurationName = Release;
		};
/* End XCConfigurationList section */
	};
	rootObject = CD0E78FF22A02DC7004140E6 /* Project object */;
}
